
Microsoft Visual Studio Solution File, Format Version 12.00
# Visual Studio Version 17
VisualStudioVersion = 17.1.32210.238
MinimumVisualStudioVersion = 10.0.40219.1
Project("{FAE04EC0-301F-11D3-BF4B-00C04F79EFBC}") = "KeyboardLogger", "KeyboardLogger\KeyboardLogger.csproj", "{20532A60-1C44-4BCF-9F36-7CA0FEF85B73}"
EndProject
Global
	GlobalSection(SolutionConfigurationPlatforms) = preSolution
		Debug|Any CPU = Debug|Any CPU
		Release|Any CPU = Release|Any CPU
	EndGlobalSection
	GlobalSection(ProjectConfigurationPlatforms) = postSolution
		{20532A60-1C44-4BCF-9F36-7CA0FEF85B73}.Debug|Any CPU.ActiveCfg = Debug|Any CPU
		{20532A60-1C44-4BCF-9F36-7CA0FEF85B73}.Debug|Any CPU.Build.0 = Debug|Any CPU
		{20532A60-1C44-4BCF-9F36-7CA0FEF85B73}.Release|Any CPU.ActiveCfg = Release|Any CPU
		{20532A60-1C44-4BCF-9F36-7CA0FEF85B73}.Release|Any CPU.Build.0 = Release|Any CPU
	EndGlobalSection
	GlobalSection(SolutionProperties) = preSolution
		HideSolutionNode = FALSE
	EndGlobalSection
	GlobalSection(ExtensibilityGlobals) = postSolution
		SolutionGuid = {D166A3F8-D24A-4BE0-9949-5A4A58868F34}
	EndGlobalSection
EndGlobal
